{
  "root": "root",
  "nodes": {
    "root": {
      "inputs": {
        "nixpkgs": "nixpkgs_4",
        "nix-darwin": "nix-darwin",
        "home-manager": "home-manager",
        "nixos-generators": "nixos-generators"
      }
    },
    "nixlib": {
      "locked": {
        "rev": "908af6d1fa3643c5818ea45aa92b21d6385fbbe5",
        "repo": "nixpkgs.lib",
        "type": "github",
        "owner": "nix-community",
        "narHash": "sha256-FBNZQfWtA7bb/rwk92mfiWc85x4hXta2OAouDqO5W8w=",
        "lastModified": 1687049841
      },
      "original": {
        "repo": "nixpkgs.lib",
        "type": "github",
        "owner": "nix-community"
      }
    },
    "nixpkgs": {
      "locked": {
        "rev": "75a5ebf473cd60148ba9aec0d219f72e5cf52519",
        "repo": "nixpkgs",
        "type": "github",
        "owner": "nixos",
        "narHash": "sha256-G0WuM9fqTPRc2URKP9Lgi5nhZMqsfHGrdEbrLvAPJcg=",
        "lastModified": 1686501370
      },
      "original": {
        "ref": "nixos-unstable",
        "repo": "nixpkgs",
        "type": "github",
        "owner": "nixos"
      }
    },
    "nixpkgs_2": {
      "locked": {
        "rev": "3a86856a13c88c8c64ea32082a851fefc79aa700",
        "repo": "nixpkgs",
        "type": "github",
        "owner": "NixOS",
        "narHash": "sha256-JuiYfDO23O8oxUUOmhQflmOoJovyC5G4RjcYQMQjrRE=",
        "lastModified": 1668650906
      },
      "original": {
        "id": "nixpkgs",
        "type": "indirect"
      }
    },
    "nixpkgs_3": {
      "locked": {
        "rev": "91430887645a0953568da2f3e9a3a3bb0a0378ac",
        "repo": "nixpkgs",
        "type": "github",
        "owner": "NixOS",
        "narHash": "sha256-dwy/TK6Db5W7ivcgmcxUykhFwodIg0jrRzOFt7H5NUc=",
        "lastModified": 1687103638
      },
      "original": {
        "ref": "nixpkgs-unstable",
        "repo": "nixpkgs",
        "type": "github",
        "owner": "NixOS"
      }
    },
    "nixpkgs_4": {
      "locked": {
        "rev": "205ee073b053fc4d87d5adf2ebd44ebbef7bca4d",
        "repo": "nixpkgs",
        "type": "github",
        "owner": "NixOS",
        "narHash": "sha256-+f9tH+k3u9lSS136M2LCsl5NJTNPvhmHEiVOcypiu1E=",
        "lastModified": 1687245362
      },
      "original": {
        "id": "nixpkgs",
        "ref": "nixpkgs-unstable",
        "type": "indirect"
      }
    },
    "nix-darwin": {
      "inputs": {
        "nixpkgs": "nixpkgs_2"
      },
      "locked": {
        "rev": "8a5af0da9d8dab8a188436750489e304ac682085",
        "repo": "nix-darwin",
        "type": "github",
        "owner": "LnL7",
        "narHash": "sha256-SnkdWeZ8PZd3Dc74iFF8xiE7qDp5+z3Yps2mE79tsM0=",
        "lastModified": 1687110393
      },
      "original": {
        "id": "nix-darwin",
        "type": "indirect"
      }
    },
    "home-manager": {
      "inputs": {
        "nixpkgs": "nixpkgs"
      },
      "locked": {
        "rev": "e8b5f8f9b3368dcc4814129d6f66c1af7cf3b6e5",
        "repo": "home-manager",
        "type": "github",
        "owner": "nix-community",
        "narHash": "sha256-jWF0LtG4GczLGLsBvXIGaCX+JvTLfawVLLJPtB5CMW0=",
        "lastModified": 1687257796
      },
      "original": {
        "id": "home-manager",
        "type": "indirect"
      }
    },
    "nixos-generators": {
      "inputs": {
        "nixlib": "nixlib",
        "nixpkgs": "nixpkgs_3"
      },
      "locked": {
        "rev": "09140f23f5ffce828db4ef040070bdd9595b1f3a",
        "repo": "nixos-generators",
        "type": "github",
        "owner": "nix-community",
        "narHash": "sha256-foX4pkph2AwUdJL3JURa7IHog+YRIheZ54vwHwxqwhU=",
        "lastModified": 1687183443
      },
      "original": {
        "id": "nixos-generators",
        "type": "indirect"
      }
    }
  },
  "version": 7
}
